
Microsoft Visual Studio Solution File, Format Version 12.00
# Visual Studio 15
VisualStudioVersion = 15.0.28307.168
MinimumVisualStudioVersion = 10.0.40219.1
Project("{FAE04EC0-301F-11D3-BF4B-00C04F79EFBC}") = "NumberConversion", "NumberConversion\NumberConversion.csproj", "{C4845A75-18DE-48CE-B1BC-2810DE70FCBA}"
EndProject
Project("{9A19103F-16F7-4668-BE54-9A1E7A4F7556}") = "NumberConversion.Tests", "NumberConversion.Tests\NumberConversion.Tests.csproj", "{19DDC6A8-7506-4948-AE65-FAA85D269CAE}"
EndProject
Project("{FAE04EC0-301F-11D3-BF4B-00C04F79EFBC}") = "UI.ConsoleApp", "UI.ConsoleApp\UI.ConsoleApp.csproj", "{3CB44A28-407D-4124-882F-C250E53D0695}"
EndProject
Global
	GlobalSection(SolutionConfigurationPlatforms) = preSolution
		Debug|Any CPU = Debug|Any CPU
		Release|Any CPU = Release|Any CPU
	EndGlobalSection
	GlobalSection(ProjectConfigurationPlatforms) = postSolution
		{C4845A75-18DE-48CE-B1BC-2810DE70FCBA}.Debug|Any CPU.ActiveCfg = Debug|Any CPU
		{C4845A75-18DE-48CE-B1BC-2810DE70FCBA}.Debug|Any CPU.Build.0 = Debug|Any CPU
		{C4845A75-18DE-48CE-B1BC-2810DE70FCBA}.Release|Any CPU.ActiveCfg = Release|Any CPU
		{C4845A75-18DE-48CE-B1BC-2810DE70FCBA}.Release|Any CPU.Build.0 = Release|Any CPU
		{19DDC6A8-7506-4948-AE65-FAA85D269CAE}.Debug|Any CPU.ActiveCfg = Debug|Any CPU
		{19DDC6A8-7506-4948-AE65-FAA85D269CAE}.Debug|Any CPU.Build.0 = Debug|Any CPU
		{19DDC6A8-7506-4948-AE65-FAA85D269CAE}.Release|Any CPU.ActiveCfg = Release|Any CPU
		{19DDC6A8-7506-4948-AE65-FAA85D269CAE}.Release|Any CPU.Build.0 = Release|Any CPU
		{3CB44A28-407D-4124-882F-C250E53D0695}.Debug|Any CPU.ActiveCfg = Debug|Any CPU
		{3CB44A28-407D-4124-882F-C250E53D0695}.Debug|Any CPU.Build.0 = Debug|Any CPU
		{3CB44A28-407D-4124-882F-C250E53D0695}.Release|Any CPU.ActiveCfg = Release|Any CPU
		{3CB44A28-407D-4124-882F-C250E53D0695}.Release|Any CPU.Build.0 = Release|Any CPU
	EndGlobalSection
	GlobalSection(SolutionProperties) = preSolution
		HideSolutionNode = FALSE
	EndGlobalSection
	GlobalSection(ExtensibilityGlobals) = postSolution
		SolutionGuid = {BC4D87AB-AEB3-4DC8-97E6-8301AF48B0ED}
	EndGlobalSection
EndGlobal
